
Microsoft Visual Studio Solution File, Format Version 12.00
# Visual Studio Version 16
VisualStudioVersion = 16.0.809.8
MinimumVisualStudioVersion = 10.0.40219.1
Project("{FAE04EC0-301F-11D3-BF4B-00C04F79EFBC}") = "SOLID.DIP", "SOLID.DIP.csproj", "{310954A8-5791-4B91-8C8C-723F2786C5B1}"
EndProject
Global
	GlobalSection(SolutionConfigurationPlatforms) = preSolution
		Debug|Any CPU = Debug|Any CPU
		Release|Any CPU = Release|Any CPU
	EndGlobalSection
	GlobalSection(ProjectConfigurationPlatforms) = postSolution
		{310954A8-5791-4B91-8C8C-723F2786C5B1}.Debug|Any CPU.ActiveCfg = Debug|Any CPU
		{310954A8-5791-4B91-8C8C-723F2786C5B1}.Debug|Any CPU.Build.0 = Debug|Any CPU
		{310954A8-5791-4B91-8C8C-723F2786C5B1}.Release|Any CPU.ActiveCfg = Release|Any CPU
		{310954A8-5791-4B91-8C8C-723F2786C5B1}.Release|Any CPU.Build.0 = Release|Any CPU
	EndGlobalSection
	GlobalSection(SolutionProperties) = preSolution
		HideSolutionNode = FALSE
	EndGlobalSection
	GlobalSection(ExtensibilityGlobals) = postSolution
		SolutionGuid = {10A05519-49B7-41EA-AE11-54E8A2B9391B}
	EndGlobalSection
EndGlobal
