
Microsoft Visual Studio Solution File, Format Version 12.00
# Visual Studio Version 16
VisualStudioVersion = 16.0.809.8
MinimumVisualStudioVersion = 10.0.40219.1
Project("{FAE04EC0-301F-11D3-BF4B-00C04F79EFBC}") = "SOLID.OCP", "SOLID.OCP.csproj", "{49BE06E4-99E4-495F-9581-04591E443642}"
EndProject
Global
	GlobalSection(SolutionConfigurationPlatforms) = preSolution
		Debug|Any CPU = Debug|Any CPU
		Release|Any CPU = Release|Any CPU
	EndGlobalSection
	GlobalSection(ProjectConfigurationPlatforms) = postSolution
		{49BE06E4-99E4-495F-9581-04591E443642}.Debug|Any CPU.ActiveCfg = Debug|Any CPU
		{49BE06E4-99E4-495F-9581-04591E443642}.Debug|Any CPU.Build.0 = Debug|Any CPU
		{49BE06E4-99E4-495F-9581-04591E443642}.Release|Any CPU.ActiveCfg = Release|Any CPU
		{49BE06E4-99E4-495F-9581-04591E443642}.Release|Any CPU.Build.0 = Release|Any CPU
	EndGlobalSection
	GlobalSection(SolutionProperties) = preSolution
		HideSolutionNode = FALSE
	EndGlobalSection
	GlobalSection(ExtensibilityGlobals) = postSolution
		SolutionGuid = {DC7A9C43-9D48-488B-A4AE-6DFA1A765476}
	EndGlobalSection
EndGlobal
