
Microsoft Visual Studio Solution File, Format Version 12.00
# Visual Studio Version 16
VisualStudioVersion = 16.0.809.8
MinimumVisualStudioVersion = 10.0.40219.1
Project("{FAE04EC0-301F-11D3-BF4B-00C04F79EFBC}") = "SOLID.SRP", "SOLID.SRP.csproj", "{7D2D8067-C545-418D-AB6F-2C6E21568B7E}"
EndProject
Global
	GlobalSection(SolutionConfigurationPlatforms) = preSolution
		Debug|Any CPU = Debug|Any CPU
		Release|Any CPU = Release|Any CPU
	EndGlobalSection
	GlobalSection(ProjectConfigurationPlatforms) = postSolution
		{7D2D8067-C545-418D-AB6F-2C6E21568B7E}.Debug|Any CPU.ActiveCfg = Debug|Any CPU
		{7D2D8067-C545-418D-AB6F-2C6E21568B7E}.Debug|Any CPU.Build.0 = Debug|Any CPU
		{7D2D8067-C545-418D-AB6F-2C6E21568B7E}.Release|Any CPU.ActiveCfg = Release|Any CPU
		{7D2D8067-C545-418D-AB6F-2C6E21568B7E}.Release|Any CPU.Build.0 = Release|Any CPU
	EndGlobalSection
	GlobalSection(SolutionProperties) = preSolution
		HideSolutionNode = FALSE
	EndGlobalSection
	GlobalSection(ExtensibilityGlobals) = postSolution
		SolutionGuid = {7F567560-A21C-4ED8-8259-5EAB73BC1454}
	EndGlobalSection
EndGlobal
